{
  "lockfileVersion": 1,
  "workspaces": {
    "": {
      "name": "budget-sync",
      "dependencies": {
        "@aws-sdk/client-dynamodb": "^3.744.0",
        "@aws-sdk/lib-dynamodb": "^3.744.0",
        "@hey-api/client-fetch": "^0.8.0",
        "effect": "^3.12.9",
        "electrodb": "^3.1.0",
        "flat": "^6.0.1",
        "ynab": "^2.6.0",
      },
      "devDependencies": {
        "@types/aws-lambda": "8.10.147",
        "@types/bun": "latest",
        "@types/flat": "^5.0.5",
      },
      "peerDependencies": {
        "typescript": "^5.0.0",
      },
    },
  },
  "patchedDependencies": {
    "typescript@5.7.3": "patches/typescript@5.7.3.patch",
  },
  "packages": {
    "@aws-crypto/sha256-browser": ["@aws-crypto/sha256-browser@5.2.0", "", { "dependencies": { "@aws-crypto/sha256-js": "^5.2.0", "@aws-crypto/supports-web-crypto": "^5.2.0", "@aws-crypto/util": "^5.2.0", "@aws-sdk/types": "^3.222.0", "@aws-sdk/util-locate-window": "^3.0.0", "@smithy/util-utf8": "^2.0.0", "tslib": "^2.6.2" } }, "sha512-AXfN/lGotSQwu6HNcEsIASo7kWXZ5HYWvfOmSNKDsEqC4OashTp8alTmaz+F7TC2L083SFv5RdB+qU3Vs1kZqw=="],

    "@aws-crypto/sha256-js": ["@aws-crypto/sha256-js@5.2.0", "", { "dependencies": { "@aws-crypto/util": "^5.2.0", "@aws-sdk/types": "^3.222.0", "tslib": "^2.6.2" } }, "sha512-FFQQyu7edu4ufvIZ+OadFpHHOt+eSTBaYaki44c+akjg7qZg9oOQeLlk77F6tSYqjDAFClrHJk9tMf0HdVyOvA=="],

    "@aws-crypto/supports-web-crypto": ["@aws-crypto/supports-web-crypto@5.2.0", "", { "dependencies": { "tslib": "^2.6.2" } }, "sha512-iAvUotm021kM33eCdNfwIN//F77/IADDSs58i+MDaOqFrVjZo9bAal0NK7HurRuWLLpF1iLX7gbWrjHjeo+YFg=="],

    "@aws-crypto/util": ["@aws-crypto/util@5.2.0", "", { "dependencies": { "@aws-sdk/types": "^3.222.0", "@smithy/util-utf8": "^2.0.0", "tslib": "^2.6.2" } }, "sha512-4RkU9EsI6ZpBve5fseQlGNUWKMa1RLPQ1dnjnQoe07ldfIzcsGb5hC5W0Dm7u423KWzawlrpbjXBrXCEv9zazQ=="],

    "@aws-sdk/client-dynamodb": ["@aws-sdk/client-dynamodb@3.744.0", "", { "dependencies": { "@aws-crypto/sha256-browser": "5.2.0", "@aws-crypto/sha256-js": "5.2.0", "@aws-sdk/core": "3.744.0", "@aws-sdk/credential-provider-node": "3.744.0", "@aws-sdk/middleware-endpoint-discovery": "3.734.0", "@aws-sdk/middleware-host-header": "3.734.0", "@aws-sdk/middleware-logger": "3.734.0", "@aws-sdk/middleware-recursion-detection": "3.734.0", "@aws-sdk/middleware-user-agent": "3.744.0", "@aws-sdk/region-config-resolver": "3.734.0", "@aws-sdk/types": "3.734.0", "@aws-sdk/util-endpoints": "3.743.0", "@aws-sdk/util-user-agent-browser": "3.734.0", "@aws-sdk/util-user-agent-node": "3.744.0", "@smithy/config-resolver": "^4.0.1", "@smithy/core": "^3.1.2", "@smithy/fetch-http-handler": "^5.0.1", "@smithy/hash-node": "^4.0.1", "@smithy/invalid-dependency": "^4.0.1", "@smithy/middleware-content-length": "^4.0.1", "@smithy/middleware-endpoint": "^4.0.3", "@smithy/middleware-retry": "^4.0.4", "@smithy/middleware-serde": "^4.0.2", "@smithy/middleware-stack": "^4.0.1", "@smithy/node-config-provider": "^4.0.1", "@smithy/node-http-handler": "^4.0.2", "@smithy/protocol-http": "^5.0.1", "@smithy/smithy-client": "^4.1.3", "@smithy/types": "^4.1.0", "@smithy/url-parser": "^4.0.1", "@smithy/util-base64": "^4.0.0", "@smithy/util-body-length-browser": "^4.0.0", "@smithy/util-body-length-node": "^4.0.0", "@smithy/util-defaults-mode-browser": "^4.0.4", "@smithy/util-defaults-mode-node": "^4.0.4", "@smithy/util-endpoints": "^3.0.1", "@smithy/util-middleware": "^4.0.1", "@smithy/util-retry": "^4.0.1", "@smithy/util-utf8": "^4.0.0", "@smithy/util-waiter": "^4.0.2", "@types/uuid": "^9.0.1", "tslib": "^2.6.2", "uuid": "^9.0.1" } }, "sha512-/LKOp6LvwMa5QDg7/AX2rdF6enp7lyfSuMzORqcqyO/CYCXwswJN1eWWaOx/fRzROW59kswoxj6X23riLywIdA=="],

    "@aws-sdk/client-sso": ["@aws-sdk/client-sso@3.744.0", "", { "dependencies": { "@aws-crypto/sha256-browser": "5.2.0", "@aws-crypto/sha256-js": "5.2.0", "@aws-sdk/core": "3.744.0", "@aws-sdk/middleware-host-header": "3.734.0", "@aws-sdk/middleware-logger": "3.734.0", "@aws-sdk/middleware-recursion-detection": "3.734.0", "@aws-sdk/middleware-user-agent": "3.744.0", "@aws-sdk/region-config-resolver": "3.734.0", "@aws-sdk/types": "3.734.0", "@aws-sdk/util-endpoints": "3.743.0", "@aws-sdk/util-user-agent-browser": "3.734.0", "@aws-sdk/util-user-agent-node": "3.744.0", "@smithy/config-resolver": "^4.0.1", "@smithy/core": "^3.1.2", "@smithy/fetch-http-handler": "^5.0.1", "@smithy/hash-node": "^4.0.1", "@smithy/invalid-dependency": "^4.0.1", "@smithy/middleware-content-length": "^4.0.1", "@smithy/middleware-endpoint": "^4.0.3", "@smithy/middleware-retry": "^4.0.4", "@smithy/middleware-serde": "^4.0.2", "@smithy/middleware-stack": "^4.0.1", "@smithy/node-config-provider": "^4.0.1", "@smithy/node-http-handler": "^4.0.2", "@smithy/protocol-http": "^5.0.1", "@smithy/smithy-client": "^4.1.3", "@smithy/types": "^4.1.0", "@smithy/url-parser": "^4.0.1", "@smithy/util-base64": "^4.0.0", "@smithy/util-body-length-browser": "^4.0.0", "@smithy/util-body-length-node": "^4.0.0", "@smithy/util-defaults-mode-browser": "^4.0.4", "@smithy/util-defaults-mode-node": "^4.0.4", "@smithy/util-endpoints": "^3.0.1", "@smithy/util-middleware": "^4.0.1", "@smithy/util-retry": "^4.0.1", "@smithy/util-utf8": "^4.0.0", "tslib": "^2.6.2" } }, "sha512-mzJxPQ9mcnNY50pi7+pxB34/Dt7PUn0OgkashHdJPTnavoriLWvPcaQCG1NEVAtyzxNdowhpi4KjC+aN1EwAeA=="],

    "@aws-sdk/core": ["@aws-sdk/core@3.744.0", "", { "dependencies": { "@aws-sdk/types": "3.734.0", "@smithy/core": "^3.1.2", "@smithy/node-config-provider": "^4.0.1", "@smithy/property-provider": "^4.0.1", "@smithy/protocol-http": "^5.0.1", "@smithy/signature-v4": "^5.0.1", "@smithy/smithy-client": "^4.1.3", "@smithy/types": "^4.1.0", "@smithy/util-middleware": "^4.0.1", "fast-xml-parser": "4.4.1", "tslib": "^2.6.2" } }, "sha512-R0XLfDDq7MAXYyDf7tPb+m0R7gmzTRRDtPNQ5jvuq8dbkefph5gFMkxZ2zSx7dfTsfYHhBPuTBsQ0c5Xjal3Vg=="],

    "@aws-sdk/credential-provider-env": ["@aws-sdk/credential-provider-env@3.744.0", "", { "dependencies": { "@aws-sdk/core": "3.744.0", "@aws-sdk/types": "3.734.0", "@smithy/property-provider": "^4.0.1", "@smithy/types": "^4.1.0", "tslib": "^2.6.2" } }, "sha512-hyjC7xqzAeERorYYjhQG1ivcr1XlxgfBpa+r4pG29toFG60mACyVzaR7+og3kgzjRFAB7D1imMxPQyEvQ1QokA=="],

    "@aws-sdk/credential-provider-http": ["@aws-sdk/credential-provider-http@3.744.0", "", { "dependencies": { "@aws-sdk/core": "3.744.0", "@aws-sdk/types": "3.734.0", "@smithy/fetch-http-handler": "^5.0.1", "@smithy/node-http-handler": "^4.0.2", "@smithy/property-provider": "^4.0.1", "@smithy/protocol-http": "^5.0.1", "@smithy/smithy-client": "^4.1.3", "@smithy/types": "^4.1.0", "@smithy/util-stream": "^4.0.2", "tslib": "^2.6.2" } }, "sha512-k+P1Tl5ewBvVByR6hB726qFIzANgQVf2cY87hZ/e09pQYlH4bfBcyY16VJhkqYnKmv6HMdWxKHX7D8nwlc8Obg=="],

    "@aws-sdk/credential-provider-ini": ["@aws-sdk/credential-provider-ini@3.744.0", "", { "dependencies": { "@aws-sdk/core": "3.744.0", "@aws-sdk/credential-provider-env": "3.744.0", "@aws-sdk/credential-provider-http": "3.744.0", "@aws-sdk/credential-provider-process": "3.744.0", "@aws-sdk/credential-provider-sso": "3.744.0", "@aws-sdk/credential-provider-web-identity": "3.744.0", "@aws-sdk/nested-clients": "3.744.0", "@aws-sdk/types": "3.734.0", "@smithy/credential-provider-imds": "^4.0.1", "@smithy/property-provider": "^4.0.1", "@smithy/shared-ini-file-loader": "^4.0.1", "@smithy/types": "^4.1.0", "tslib": "^2.6.2" } }, "sha512-hjEWgkF86tkvg8PIsDiB3KkTj7z8ZFGR0v0OLQYD47o17q1qfoMzZmg9wae3wXp9KzU+lZETo+8oMqX9a+7aVQ=="],

    "@aws-sdk/credential-provider-node": ["@aws-sdk/credential-provider-node@3.744.0", "", { "dependencies": { "@aws-sdk/credential-provider-env": "3.744.0", "@aws-sdk/credential-provider-http": "3.744.0", "@aws-sdk/credential-provider-ini": "3.744.0", "@aws-sdk/credential-provider-process": "3.744.0", "@aws-sdk/credential-provider-sso": "3.744.0", "@aws-sdk/credential-provider-web-identity": "3.744.0", "@aws-sdk/types": "3.734.0", "@smithy/credential-provider-imds": "^4.0.1", "@smithy/property-provider": "^4.0.1", "@smithy/shared-ini-file-loader": "^4.0.1", "@smithy/types": "^4.1.0", "tslib": "^2.6.2" } }, "sha512-4oUfRd6pe/VGmKoav17pPoOO0WP0L6YXmHqtJHSDmFUOAa+Vh0ZRljTj/yBdleRgdO6rOfdWqoGLFSFiAZDrsQ=="],

    "@aws-sdk/credential-provider-process": ["@aws-sdk/credential-provider-process@3.744.0", "", { "dependencies": { "@aws-sdk/core": "3.744.0", "@aws-sdk/types": "3.734.0", "@smithy/property-provider": "^4.0.1", "@smithy/shared-ini-file-loader": "^4.0.1", "@smithy/types": "^4.1.0", "tslib": "^2.6.2" } }, "sha512-m0d/pDBIaiEAAxWXt/c79RHsKkUkyPOvF2SAMRddVhhOt1GFZI4ml+3f4drmAZfXldIyJmvJTJJqWluVPwTIqQ=="],

    "@aws-sdk/credential-provider-sso": ["@aws-sdk/credential-provider-sso@3.744.0", "", { "dependencies": { "@aws-sdk/client-sso": "3.744.0", "@aws-sdk/core": "3.744.0", "@aws-sdk/token-providers": "3.744.0", "@aws-sdk/types": "3.734.0", "@smithy/property-provider": "^4.0.1", "@smithy/shared-ini-file-loader": "^4.0.1", "@smithy/types": "^4.1.0", "tslib": "^2.6.2" } }, "sha512-xdMufTZOvpbDoDPI2XLu0/Rg3qJ/txpS8IJR63NsCGotHJZ/ucLNKwTcGS40hllZB8qSHTlvmlOzElDahTtx/A=="],

    "@aws-sdk/credential-provider-web-identity": ["@aws-sdk/credential-provider-web-identity@3.744.0", "", { "dependencies": { "@aws-sdk/core": "3.744.0", "@aws-sdk/nested-clients": "3.744.0", "@aws-sdk/types": "3.734.0", "@smithy/property-provider": "^4.0.1", "@smithy/types": "^4.1.0", "tslib": "^2.6.2" } }, "sha512-cNk93GZxORzqEojWfXdrPBF6a7Nu3LpPCWG5mV+lH2tbuGsmw6XhKkwpt7o+OiIP4tKCpHlvqOD8f1nmhe1KDA=="],

    "@aws-sdk/endpoint-cache": ["@aws-sdk/endpoint-cache@3.723.0", "", { "dependencies": { "mnemonist": "0.38.3", "tslib": "^2.6.2" } }, "sha512-2+a4WXRc+07uiPR+zJiPGKSOWaNJQNqitkks+6Hhm/haTLJqNVTgY2OWDh2PXvwMNpKB+AlGdhE65Oy6NzUgXg=="],

    "@aws-sdk/lib-dynamodb": ["@aws-sdk/lib-dynamodb@3.744.0", "", { "dependencies": { "@aws-sdk/core": "3.744.0", "@aws-sdk/util-dynamodb": "3.744.0", "@smithy/core": "^3.1.2", "@smithy/smithy-client": "^4.1.3", "@smithy/types": "^4.1.0", "tslib": "^2.6.2" }, "peerDependencies": { "@aws-sdk/client-dynamodb": "^3.744.0" } }, "sha512-oUUy6ScyyAvAXgZwLAphjLGBbiR0cYUPyYF6KBlLQ4eliYjnymcMNF1q+gRgXjDrlM5YY/9HXqdg/DF5Gue9CQ=="],

    "@aws-sdk/middleware-endpoint-discovery": ["@aws-sdk/middleware-endpoint-discovery@3.734.0", "", { "dependencies": { "@aws-sdk/endpoint-cache": "3.723.0", "@aws-sdk/types": "3.734.0", "@smithy/node-config-provider": "^4.0.1", "@smithy/protocol-http": "^5.0.1", "@smithy/types": "^4.1.0", "tslib": "^2.6.2" } }, "sha512-hE3x9Sbqy64g/lcFIq7BF9IS1tSOyfBCyHf1xBgevWeFIDTWh647URuCNWoEwtw4HMEhO2MDUQcKf1PFh1dNDA=="],

    "@aws-sdk/middleware-host-header": ["@aws-sdk/middleware-host-header@3.734.0", "", { "dependencies": { "@aws-sdk/types": "3.734.0", "@smithy/protocol-http": "^5.0.1", "@smithy/types": "^4.1.0", "tslib": "^2.6.2" } }, "sha512-LW7RRgSOHHBzWZnigNsDIzu3AiwtjeI2X66v+Wn1P1u+eXssy1+up4ZY/h+t2sU4LU36UvEf+jrZti9c6vRnFw=="],

    "@aws-sdk/middleware-logger": ["@aws-sdk/middleware-logger@3.734.0", "", { "dependencies": { "@aws-sdk/types": "3.734.0", "@smithy/types": "^4.1.0", "tslib": "^2.6.2" } }, "sha512-mUMFITpJUW3LcKvFok176eI5zXAUomVtahb9IQBwLzkqFYOrMJvWAvoV4yuxrJ8TlQBG8gyEnkb9SnhZvjg67w=="],

    "@aws-sdk/middleware-recursion-detection": ["@aws-sdk/middleware-recursion-detection@3.734.0", "", { "dependencies": { "@aws-sdk/types": "3.734.0", "@smithy/protocol-http": "^5.0.1", "@smithy/types": "^4.1.0", "tslib": "^2.6.2" } }, "sha512-CUat2d9ITsFc2XsmeiRQO96iWpxSKYFjxvj27Hc7vo87YUHRnfMfnc8jw1EpxEwMcvBD7LsRa6vDNky6AjcrFA=="],

    "@aws-sdk/middleware-user-agent": ["@aws-sdk/middleware-user-agent@3.744.0", "", { "dependencies": { "@aws-sdk/core": "3.744.0", "@aws-sdk/types": "3.734.0", "@aws-sdk/util-endpoints": "3.743.0", "@smithy/core": "^3.1.2", "@smithy/protocol-http": "^5.0.1", "@smithy/types": "^4.1.0", "tslib": "^2.6.2" } }, "sha512-ROUbDQHfVWiBHXd4m9E9mKj1Azby8XCs8RC8OCf9GVH339GSE6aMrPJSzMlsV1LmzPdPIypgp5qqh5NfSrKztg=="],

    "@aws-sdk/nested-clients": ["@aws-sdk/nested-clients@3.744.0", "", { "dependencies": { "@aws-crypto/sha256-browser": "5.2.0", "@aws-crypto/sha256-js": "5.2.0", "@aws-sdk/core": "3.744.0", "@aws-sdk/middleware-host-header": "3.734.0", "@aws-sdk/middleware-logger": "3.734.0", "@aws-sdk/middleware-recursion-detection": "3.734.0", "@aws-sdk/middleware-user-agent": "3.744.0", "@aws-sdk/region-config-resolver": "3.734.0", "@aws-sdk/types": "3.734.0", "@aws-sdk/util-endpoints": "3.743.0", "@aws-sdk/util-user-agent-browser": "3.734.0", "@aws-sdk/util-user-agent-node": "3.744.0", "@smithy/config-resolver": "^4.0.1", "@smithy/core": "^3.1.2", "@smithy/fetch-http-handler": "^5.0.1", "@smithy/hash-node": "^4.0.1", "@smithy/invalid-dependency": "^4.0.1", "@smithy/middleware-content-length": "^4.0.1", "@smithy/middleware-endpoint": "^4.0.3", "@smithy/middleware-retry": "^4.0.4", "@smithy/middleware-serde": "^4.0.2", "@smithy/middleware-stack": "^4.0.1", "@smithy/node-config-provider": "^4.0.1", "@smithy/node-http-handler": "^4.0.2", "@smithy/protocol-http": "^5.0.1", "@smithy/smithy-client": "^4.1.3", "@smithy/types": "^4.1.0", "@smithy/url-parser": "^4.0.1", "@smithy/util-base64": "^4.0.0", "@smithy/util-body-length-browser": "^4.0.0", "@smithy/util-body-length-node": "^4.0.0", "@smithy/util-defaults-mode-browser": "^4.0.4", "@smithy/util-defaults-mode-node": "^4.0.4", "@smithy/util-endpoints": "^3.0.1", "@smithy/util-middleware": "^4.0.1", "@smithy/util-retry": "^4.0.1", "@smithy/util-utf8": "^4.0.0", "tslib": "^2.6.2" } }, "sha512-Mnrlh4lRY1gZQnKvN2Lh/5WXcGkzC41NM93mtn2uaqOh+DZLCXCttNCfbUesUvYJLOo3lYaOpiDsjTkPVB1yjw=="],

    "@aws-sdk/region-config-resolver": ["@aws-sdk/region-config-resolver@3.734.0", "", { "dependencies": { "@aws-sdk/types": "3.734.0", "@smithy/node-config-provider": "^4.0.1", "@smithy/types": "^4.1.0", "@smithy/util-config-provider": "^4.0.0", "@smithy/util-middleware": "^4.0.1", "tslib": "^2.6.2" } }, "sha512-Lvj1kPRC5IuJBr9DyJ9T9/plkh+EfKLy+12s/mykOy1JaKHDpvj+XGy2YO6YgYVOb8JFtaqloid+5COtje4JTQ=="],

    "@aws-sdk/token-providers": ["@aws-sdk/token-providers@3.744.0", "", { "dependencies": { "@aws-sdk/nested-clients": "3.744.0", "@aws-sdk/types": "3.734.0", "@smithy/property-provider": "^4.0.1", "@smithy/shared-ini-file-loader": "^4.0.1", "@smithy/types": "^4.1.0", "tslib": "^2.6.2" } }, "sha512-v/1+lWkDCd60Ei6oyhJqli6mTsPEVepLoSMB50vHUVlJP0fzXu/3FMje90/RzeUoh/VugZQJCEv/NNpuC6wztg=="],

    "@aws-sdk/types": ["@aws-sdk/types@3.734.0", "", { "dependencies": { "@smithy/types": "^4.1.0", "tslib": "^2.6.2" } }, "sha512-o11tSPTT70nAkGV1fN9wm/hAIiLPyWX6SuGf+9JyTp7S/rC2cFWhR26MvA69nplcjNaXVzB0f+QFrLXXjOqCrg=="],

    "@aws-sdk/util-dynamodb": ["@aws-sdk/util-dynamodb@3.744.0", "", { "dependencies": { "tslib": "^2.6.2" }, "peerDependencies": { "@aws-sdk/client-dynamodb": "^3.744.0" } }, "sha512-cJXZorexgIDW6GAxp2q5ivXGTR1LjaQ4VWHL7/FsfsQJtjQcRnI3/Yycx9X8RuU0JL0++ggzgh1lx8Y17jVPuA=="],

    "@aws-sdk/util-endpoints": ["@aws-sdk/util-endpoints@3.743.0", "", { "dependencies": { "@aws-sdk/types": "3.734.0", "@smithy/types": "^4.1.0", "@smithy/util-endpoints": "^3.0.1", "tslib": "^2.6.2" } }, "sha512-sN1l559zrixeh5x+pttrnd0A3+r34r0tmPkJ/eaaMaAzXqsmKU/xYre9K3FNnsSS1J1k4PEfk/nHDTVUgFYjnw=="],

    "@aws-sdk/util-locate-window": ["@aws-sdk/util-locate-window@3.723.0", "", { "dependencies": { "tslib": "^2.6.2" } }, "sha512-Yf2CS10BqK688DRsrKI/EO6B8ff5J86NXe4C+VCysK7UOgN0l1zOTeTukZ3H8Q9tYYX3oaF1961o8vRkFm7Nmw=="],

    "@aws-sdk/util-user-agent-browser": ["@aws-sdk/util-user-agent-browser@3.734.0", "", { "dependencies": { "@aws-sdk/types": "3.734.0", "@smithy/types": "^4.1.0", "bowser": "^2.11.0", "tslib": "^2.6.2" } }, "sha512-xQTCus6Q9LwUuALW+S76OL0jcWtMOVu14q+GoLnWPUM7QeUw963oQcLhF7oq0CtaLLKyl4GOUfcwc773Zmwwng=="],

    "@aws-sdk/util-user-agent-node": ["@aws-sdk/util-user-agent-node@3.744.0", "", { "dependencies": { "@aws-sdk/middleware-user-agent": "3.744.0", "@aws-sdk/types": "3.734.0", "@smithy/node-config-provider": "^4.0.1", "@smithy/types": "^4.1.0", "tslib": "^2.6.2" }, "peerDependencies": { "aws-crt": ">=1.0.0" }, "optionalPeers": ["aws-crt"] }, "sha512-BJURjwIXhNa4heXkLC0+GcL+8wVXaU7JoyW6ckdvp93LL+sVHeR1d5FxXZHQW/pMI4E3gNlKyBqjKaT75tObNQ=="],

    "@hey-api/client-fetch": ["@hey-api/client-fetch@0.8.1", "", {}, "sha512-AaVNVLBl7N9Fun7QDnb00YDubAFjB9ICi5U6kmzcJSnnQTQGRMsuBBRupQV5ERdMMFt71zjSDym7Z+gLVe8m3A=="],

    "@smithy/abort-controller": ["@smithy/abort-controller@4.0.1", "", { "dependencies": { "@smithy/types": "^4.1.0", "tslib": "^2.6.2" } }, "sha512-fiUIYgIgRjMWznk6iLJz35K2YxSLHzLBA/RC6lBrKfQ8fHbPfvk7Pk9UvpKoHgJjI18MnbPuEju53zcVy6KF1g=="],

    "@smithy/config-resolver": ["@smithy/config-resolver@4.0.1", "", { "dependencies": { "@smithy/node-config-provider": "^4.0.1", "@smithy/types": "^4.1.0", "@smithy/util-config-provider": "^4.0.0", "@smithy/util-middleware": "^4.0.1", "tslib": "^2.6.2" } }, "sha512-Igfg8lKu3dRVkTSEm98QpZUvKEOa71jDX4vKRcvJVyRc3UgN3j7vFMf0s7xLQhYmKa8kyJGQgUJDOV5V3neVlQ=="],

    "@smithy/core": ["@smithy/core@3.1.2", "", { "dependencies": { "@smithy/middleware-serde": "^4.0.2", "@smithy/protocol-http": "^5.0.1", "@smithy/types": "^4.1.0", "@smithy/util-body-length-browser": "^4.0.0", "@smithy/util-middleware": "^4.0.1", "@smithy/util-stream": "^4.0.2", "@smithy/util-utf8": "^4.0.0", "tslib": "^2.6.2" } }, "sha512-htwQXkbdF13uwwDevz9BEzL5ABK+1sJpVQXywwGSH973AVOvisHNfpcB8A8761G6XgHoS2kHPqc9DqHJ2gp+/Q=="],

    "@smithy/credential-provider-imds": ["@smithy/credential-provider-imds@4.0.1", "", { "dependencies": { "@smithy/node-config-provider": "^4.0.1", "@smithy/property-provider": "^4.0.1", "@smithy/types": "^4.1.0", "@smithy/url-parser": "^4.0.1", "tslib": "^2.6.2" } }, "sha512-l/qdInaDq1Zpznpmev/+52QomsJNZ3JkTl5yrTl02V6NBgJOQ4LY0SFw/8zsMwj3tLe8vqiIuwF6nxaEwgf6mg=="],

    "@smithy/fetch-http-handler": ["@smithy/fetch-http-handler@5.0.1", "", { "dependencies": { "@smithy/protocol-http": "^5.0.1", "@smithy/querystring-builder": "^4.0.1", "@smithy/types": "^4.1.0", "@smithy/util-base64": "^4.0.0", "tslib": "^2.6.2" } }, "sha512-3aS+fP28urrMW2KTjb6z9iFow6jO8n3MFfineGbndvzGZit3taZhKWtTorf+Gp5RpFDDafeHlhfsGlDCXvUnJA=="],

    "@smithy/hash-node": ["@smithy/hash-node@4.0.1", "", { "dependencies": { "@smithy/types": "^4.1.0", "@smithy/util-buffer-from": "^4.0.0", "@smithy/util-utf8": "^4.0.0", "tslib": "^2.6.2" } }, "sha512-TJ6oZS+3r2Xu4emVse1YPB3Dq3d8RkZDKcPr71Nj/lJsdAP1c7oFzYqEn1IBc915TsgLl2xIJNuxCz+gLbLE0w=="],

    "@smithy/invalid-dependency": ["@smithy/invalid-dependency@4.0.1", "", { "dependencies": { "@smithy/types": "^4.1.0", "tslib": "^2.6.2" } }, "sha512-gdudFPf4QRQ5pzj7HEnu6FhKRi61BfH/Gk5Yf6O0KiSbr1LlVhgjThcvjdu658VE6Nve8vaIWB8/fodmS1rBPQ=="],

    "@smithy/is-array-buffer": ["@smithy/is-array-buffer@4.0.0", "", { "dependencies": { "tslib": "^2.6.2" } }, "sha512-saYhF8ZZNoJDTvJBEWgeBccCg+yvp1CX+ed12yORU3NilJScfc6gfch2oVb4QgxZrGUx3/ZJlb+c/dJbyupxlw=="],

    "@smithy/middleware-content-length": ["@smithy/middleware-content-length@4.0.1", "", { "dependencies": { "@smithy/protocol-http": "^5.0.1", "@smithy/types": "^4.1.0", "tslib": "^2.6.2" } }, "sha512-OGXo7w5EkB5pPiac7KNzVtfCW2vKBTZNuCctn++TTSOMpe6RZO/n6WEC1AxJINn3+vWLKW49uad3lo/u0WJ9oQ=="],

    "@smithy/middleware-endpoint": ["@smithy/middleware-endpoint@4.0.3", "", { "dependencies": { "@smithy/core": "^3.1.2", "@smithy/middleware-serde": "^4.0.2", "@smithy/node-config-provider": "^4.0.1", "@smithy/shared-ini-file-loader": "^4.0.1", "@smithy/types": "^4.1.0", "@smithy/url-parser": "^4.0.1", "@smithy/util-middleware": "^4.0.1", "tslib": "^2.6.2" } }, "sha512-YdbmWhQF5kIxZjWqPIgboVfi8i5XgiYMM7GGKFMTvBei4XjNQfNv8sukT50ITvgnWKKKpOtp0C0h7qixLgb77Q=="],

    "@smithy/middleware-retry": ["@smithy/middleware-retry@4.0.4", "", { "dependencies": { "@smithy/node-config-provider": "^4.0.1", "@smithy/protocol-http": "^5.0.1", "@smithy/service-error-classification": "^4.0.1", "@smithy/smithy-client": "^4.1.3", "@smithy/types": "^4.1.0", "@smithy/util-middleware": "^4.0.1", "@smithy/util-retry": "^4.0.1", "tslib": "^2.6.2", "uuid": "^9.0.1" } }, "sha512-wmxyUBGHaYUqul0wZiset4M39SMtDBOtUr2KpDuftKNN74Do9Y36Go6Eqzj9tL0mIPpr31ulB5UUtxcsCeGXsQ=="],

    "@smithy/middleware-serde": ["@smithy/middleware-serde@4.0.2", "", { "dependencies": { "@smithy/types": "^4.1.0", "tslib": "^2.6.2" } }, "sha512-Sdr5lOagCn5tt+zKsaW+U2/iwr6bI9p08wOkCp6/eL6iMbgdtc2R5Ety66rf87PeohR0ExI84Txz9GYv5ou3iQ=="],

    "@smithy/middleware-stack": ["@smithy/middleware-stack@4.0.1", "", { "dependencies": { "@smithy/types": "^4.1.0", "tslib": "^2.6.2" } }, "sha512-dHwDmrtR/ln8UTHpaIavRSzeIk5+YZTBtLnKwDW3G2t6nAupCiQUvNzNoHBpik63fwUaJPtlnMzXbQrNFWssIA=="],

    "@smithy/node-config-provider": ["@smithy/node-config-provider@4.0.1", "", { "dependencies": { "@smithy/property-provider": "^4.0.1", "@smithy/shared-ini-file-loader": "^4.0.1", "@smithy/types": "^4.1.0", "tslib": "^2.6.2" } }, "sha512-8mRTjvCtVET8+rxvmzRNRR0hH2JjV0DFOmwXPrISmTIJEfnCBugpYYGAsCj8t41qd+RB5gbheSQ/6aKZCQvFLQ=="],

    "@smithy/node-http-handler": ["@smithy/node-http-handler@4.0.2", "", { "dependencies": { "@smithy/abort-controller": "^4.0.1", "@smithy/protocol-http": "^5.0.1", "@smithy/querystring-builder": "^4.0.1", "@smithy/types": "^4.1.0", "tslib": "^2.6.2" } }, "sha512-X66H9aah9hisLLSnGuzRYba6vckuFtGE+a5DcHLliI/YlqKrGoxhisD5XbX44KyoeRzoNlGr94eTsMVHFAzPOw=="],

    "@smithy/property-provider": ["@smithy/property-provider@4.0.1", "", { "dependencies": { "@smithy/types": "^4.1.0", "tslib": "^2.6.2" } }, "sha512-o+VRiwC2cgmk/WFV0jaETGOtX16VNPp2bSQEzu0whbReqE1BMqsP2ami2Vi3cbGVdKu1kq9gQkDAGKbt0WOHAQ=="],

    "@smithy/protocol-http": ["@smithy/protocol-http@5.0.1", "", { "dependencies": { "@smithy/types": "^4.1.0", "tslib": "^2.6.2" } }, "sha512-TE4cpj49jJNB/oHyh/cRVEgNZaoPaxd4vteJNB0yGidOCVR0jCw/hjPVsT8Q8FRmj8Bd3bFZt8Dh7xGCT+xMBQ=="],

    "@smithy/querystring-builder": ["@smithy/querystring-builder@4.0.1", "", { "dependencies": { "@smithy/types": "^4.1.0", "@smithy/util-uri-escape": "^4.0.0", "tslib": "^2.6.2" } }, "sha512-wU87iWZoCbcqrwszsOewEIuq+SU2mSoBE2CcsLwE0I19m0B2gOJr1MVjxWcDQYOzHbR1xCk7AcOBbGFUYOKvdg=="],

    "@smithy/querystring-parser": ["@smithy/querystring-parser@4.0.1", "", { "dependencies": { "@smithy/types": "^4.1.0", "tslib": "^2.6.2" } }, "sha512-Ma2XC7VS9aV77+clSFylVUnPZRindhB7BbmYiNOdr+CHt/kZNJoPP0cd3QxCnCFyPXC4eybmyE98phEHkqZ5Jw=="],

    "@smithy/service-error-classification": ["@smithy/service-error-classification@4.0.1", "", { "dependencies": { "@smithy/types": "^4.1.0" } }, "sha512-3JNjBfOWpj/mYfjXJHB4Txc/7E4LVq32bwzE7m28GN79+M1f76XHflUaSUkhOriprPDzev9cX/M+dEB80DNDKA=="],

    "@smithy/shared-ini-file-loader": ["@smithy/shared-ini-file-loader@4.0.1", "", { "dependencies": { "@smithy/types": "^4.1.0", "tslib": "^2.6.2" } }, "sha512-hC8F6qTBbuHRI/uqDgqqi6J0R4GtEZcgrZPhFQnMhfJs3MnUTGSnR1NSJCJs5VWlMydu0kJz15M640fJlRsIOw=="],

    "@smithy/signature-v4": ["@smithy/signature-v4@5.0.1", "", { "dependencies": { "@smithy/is-array-buffer": "^4.0.0", "@smithy/protocol-http": "^5.0.1", "@smithy/types": "^4.1.0", "@smithy/util-hex-encoding": "^4.0.0", "@smithy/util-middleware": "^4.0.1", "@smithy/util-uri-escape": "^4.0.0", "@smithy/util-utf8": "^4.0.0", "tslib": "^2.6.2" } }, "sha512-nCe6fQ+ppm1bQuw5iKoeJ0MJfz2os7Ic3GBjOkLOPtavbD1ONoyE3ygjBfz2ythFWm4YnRm6OxW+8p/m9uCoIA=="],

    "@smithy/smithy-client": ["@smithy/smithy-client@4.1.3", "", { "dependencies": { "@smithy/core": "^3.1.2", "@smithy/middleware-endpoint": "^4.0.3", "@smithy/middleware-stack": "^4.0.1", "@smithy/protocol-http": "^5.0.1", "@smithy/types": "^4.1.0", "@smithy/util-stream": "^4.0.2", "tslib": "^2.6.2" } }, "sha512-A2Hz85pu8BJJaYFdX8yb1yocqigyqBzn+OVaVgm+Kwi/DkN8vhN2kbDVEfADo6jXf5hPKquMLGA3UINA64UZ7A=="],

    "@smithy/types": ["@smithy/types@4.1.0", "", { "dependencies": { "tslib": "^2.6.2" } }, "sha512-enhjdwp4D7CXmwLtD6zbcDMbo6/T6WtuuKCY49Xxc6OMOmUWlBEBDREsxxgV2LIdeQPW756+f97GzcgAwp3iLw=="],

    "@smithy/url-parser": ["@smithy/url-parser@4.0.1", "", { "dependencies": { "@smithy/querystring-parser": "^4.0.1", "@smithy/types": "^4.1.0", "tslib": "^2.6.2" } }, "sha512-gPXcIEUtw7VlK8f/QcruNXm7q+T5hhvGu9tl63LsJPZ27exB6dtNwvh2HIi0v7JcXJ5emBxB+CJxwaLEdJfA+g=="],

    "@smithy/util-base64": ["@smithy/util-base64@4.0.0", "", { "dependencies": { "@smithy/util-buffer-from": "^4.0.0", "@smithy/util-utf8": "^4.0.0", "tslib": "^2.6.2" } }, "sha512-CvHfCmO2mchox9kjrtzoHkWHxjHZzaFojLc8quxXY7WAAMAg43nuxwv95tATVgQFNDwd4M9S1qFzj40Ul41Kmg=="],

    "@smithy/util-body-length-browser": ["@smithy/util-body-length-browser@4.0.0", "", { "dependencies": { "tslib": "^2.6.2" } }, "sha512-sNi3DL0/k64/LO3A256M+m3CDdG6V7WKWHdAiBBMUN8S3hK3aMPhwnPik2A/a2ONN+9doY9UxaLfgqsIRg69QA=="],

    "@smithy/util-body-length-node": ["@smithy/util-body-length-node@4.0.0", "", { "dependencies": { "tslib": "^2.6.2" } }, "sha512-q0iDP3VsZzqJyje8xJWEJCNIu3lktUGVoSy1KB0UWym2CL1siV3artm+u1DFYTLejpsrdGyCSWBdGNjJzfDPjg=="],

    "@smithy/util-buffer-from": ["@smithy/util-buffer-from@4.0.0", "", { "dependencies": { "@smithy/is-array-buffer": "^4.0.0", "tslib": "^2.6.2" } }, "sha512-9TOQ7781sZvddgO8nxueKi3+yGvkY35kotA0Y6BWRajAv8jjmigQ1sBwz0UX47pQMYXJPahSKEKYFgt+rXdcug=="],

    "@smithy/util-config-provider": ["@smithy/util-config-provider@4.0.0", "", { "dependencies": { "tslib": "^2.6.2" } }, "sha512-L1RBVzLyfE8OXH+1hsJ8p+acNUSirQnWQ6/EgpchV88G6zGBTDPdXiiExei6Z1wR2RxYvxY/XLw6AMNCCt8H3w=="],

    "@smithy/util-defaults-mode-browser": ["@smithy/util-defaults-mode-browser@4.0.4", "", { "dependencies": { "@smithy/property-provider": "^4.0.1", "@smithy/smithy-client": "^4.1.3", "@smithy/types": "^4.1.0", "bowser": "^2.11.0", "tslib": "^2.6.2" } }, "sha512-Ej1bV5sbrIfH++KnWxjjzFNq9nyP3RIUq2c9Iqq7SmMO/idUR24sqvKH2LUQFTSPy/K7G4sB2m8n7YYlEAfZaw=="],

    "@smithy/util-defaults-mode-node": ["@smithy/util-defaults-mode-node@4.0.4", "", { "dependencies": { "@smithy/config-resolver": "^4.0.1", "@smithy/credential-provider-imds": "^4.0.1", "@smithy/node-config-provider": "^4.0.1", "@smithy/property-provider": "^4.0.1", "@smithy/smithy-client": "^4.1.3", "@smithy/types": "^4.1.0", "tslib": "^2.6.2" } }, "sha512-HE1I7gxa6yP7ZgXPCFfZSDmVmMtY7SHqzFF55gM/GPegzZKaQWZZ+nYn9C2Cc3JltCMyWe63VPR3tSFDEvuGjw=="],

    "@smithy/util-endpoints": ["@smithy/util-endpoints@3.0.1", "", { "dependencies": { "@smithy/node-config-provider": "^4.0.1", "@smithy/types": "^4.1.0", "tslib": "^2.6.2" } }, "sha512-zVdUENQpdtn9jbpD9SCFK4+aSiavRb9BxEtw9ZGUR1TYo6bBHbIoi7VkrFQ0/RwZlzx0wRBaRmPclj8iAoJCLA=="],

    "@smithy/util-hex-encoding": ["@smithy/util-hex-encoding@4.0.0", "", { "dependencies": { "tslib": "^2.6.2" } }, "sha512-Yk5mLhHtfIgW2W2WQZWSg5kuMZCVbvhFmC7rV4IO2QqnZdbEFPmQnCcGMAX2z/8Qj3B9hYYNjZOhWym+RwhePw=="],

    "@smithy/util-middleware": ["@smithy/util-middleware@4.0.1", "", { "dependencies": { "@smithy/types": "^4.1.0", "tslib": "^2.6.2" } }, "sha512-HiLAvlcqhbzhuiOa0Lyct5IIlyIz0PQO5dnMlmQ/ubYM46dPInB+3yQGkfxsk6Q24Y0n3/JmcA1v5iEhmOF5mA=="],

    "@smithy/util-retry": ["@smithy/util-retry@4.0.1", "", { "dependencies": { "@smithy/service-error-classification": "^4.0.1", "@smithy/types": "^4.1.0", "tslib": "^2.6.2" } }, "sha512-WmRHqNVwn3kI3rKk1LsKcVgPBG6iLTBGC1iYOV3GQegwJ3E8yjzHytPt26VNzOWr1qu0xE03nK0Ug8S7T7oufw=="],

    "@smithy/util-stream": ["@smithy/util-stream@4.0.2", "", { "dependencies": { "@smithy/fetch-http-handler": "^5.0.1", "@smithy/node-http-handler": "^4.0.2", "@smithy/types": "^4.1.0", "@smithy/util-base64": "^4.0.0", "@smithy/util-buffer-from": "^4.0.0", "@smithy/util-hex-encoding": "^4.0.0", "@smithy/util-utf8": "^4.0.0", "tslib": "^2.6.2" } }, "sha512-0eZ4G5fRzIoewtHtwaYyl8g2C+osYOT4KClXgfdNEDAgkbe2TYPqcnw4GAWabqkZCax2ihRGPe9LZnsPdIUIHA=="],

    "@smithy/util-uri-escape": ["@smithy/util-uri-escape@4.0.0", "", { "dependencies": { "tslib": "^2.6.2" } }, "sha512-77yfbCbQMtgtTylO9itEAdpPXSog3ZxMe09AEhm0dU0NLTalV70ghDZFR+Nfi1C60jnJoh/Re4090/DuZh2Omg=="],

    "@smithy/util-utf8": ["@smithy/util-utf8@4.0.0", "", { "dependencies": { "@smithy/util-buffer-from": "^4.0.0", "tslib": "^2.6.2" } }, "sha512-b+zebfKCfRdgNJDknHCob3O7FpeYQN6ZG6YLExMcasDHsCXlsXCEuiPZeLnJLpwa5dvPetGlnGCiMHuLwGvFow=="],

    "@smithy/util-waiter": ["@smithy/util-waiter@4.0.2", "", { "dependencies": { "@smithy/abort-controller": "^4.0.1", "@smithy/types": "^4.1.0", "tslib": "^2.6.2" } }, "sha512-piUTHyp2Axx3p/kc2CIJkYSv0BAaheBQmbACZgQSSfWUumWNW+R1lL+H9PDBxKJkvOeEX+hKYEFiwO8xagL8AQ=="],

    "@types/aws-lambda": ["@types/aws-lambda@8.10.147", "", {}, "sha512-nD0Z9fNIZcxYX5Mai2CTmFD7wX7UldCkW2ezCF8D1T5hdiLsnTWDGRpfRYntU6VjTdLQjOvyszru7I1c1oCQew=="],

    "@types/bun": ["@types/bun@1.2.2", "", { "dependencies": { "bun-types": "1.2.2" } }, "sha512-tr74gdku+AEDN5ergNiBnplr7hpDp3V1h7fqI2GcR/rsUaM39jpSeKH0TFibRvU0KwniRx5POgaYnaXbk0hU+w=="],

    "@types/flat": ["@types/flat@5.0.5", "", {}, "sha512-nPLljZQKSnac53KDUDzuzdRfGI0TDb5qPrb+SrQyN3MtdQrOnGsKniHN1iYZsJEBIVQve94Y6gNz22sgISZq+Q=="],

    "@types/node": ["@types/node@22.13.1", "", { "dependencies": { "undici-types": "~6.20.0" } }, "sha512-jK8uzQlrvXqEU91UxiK5J7pKHyzgnI1Qnl0QDHIgVGuolJhRb9EEl28Cj9b3rGR8B2lhFCtvIm5os8lFnO/1Ew=="],

    "@types/uuid": ["@types/uuid@9.0.8", "", {}, "sha512-jg+97EGIcY9AGHJJRaaPVgetKDsrTgbRjQ5Msgjh/DQKEFl0DtyRr/VCOyD1T2R1MNeWPK/u7JoGhlDZnKBAfA=="],

    "@types/ws": ["@types/ws@8.5.14", "", { "dependencies": { "@types/node": "*" } }, "sha512-bd/YFLW+URhBzMXurx7lWByOu+xzU9+kb3RboOteXYDfW+tr+JZa99OyNmPINEGB/ahzKrEuc8rcv4gnpJmxTw=="],

    "bowser": ["bowser@2.11.0", "", {}, "sha512-AlcaJBi/pqqJBIQ8U9Mcpc9i8Aqxn88Skv5d+xBX006BY5u8N3mGLHa5Lgppa7L/HfwgwLgZ6NYs+Ag6uUmJRA=="],

    "bun-types": ["bun-types@1.2.2", "", { "dependencies": { "@types/node": "*", "@types/ws": "~8.5.10" } }, "sha512-RCbMH5elr9gjgDGDhkTTugA21XtJAy/9jkKe/G3WR2q17VPGhcquf9Sir6uay9iW+7P/BV0CAHA1XlHXMAVKHg=="],

    "effect": ["effect@3.12.9", "", { "dependencies": { "fast-check": "^3.23.1" } }, "sha512-u3PsO0KWtCTO56yGGYaa8RLOccE6Kbeb4UotS/ArAG/tqAyf0x3JF3WaaklhnxJtt67P6SktLmwRPT4hiuhKEA=="],

    "electrodb": ["electrodb@3.1.0", "", { "dependencies": { "@aws-sdk/lib-dynamodb": "^3.654.0", "@aws-sdk/util-dynamodb": "^3.654.0", "jsonschema": "1.2.7" } }, "sha512-EEDYjMthy9CwcrP1odN0qFc9VrR3Sxew6VJP4HYAXQKr+i8FUhfTYX3eI/F8v12Jdn1sHFl0hou9AZZXTWFaTA=="],

    "fast-check": ["fast-check@3.23.2", "", { "dependencies": { "pure-rand": "^6.1.0" } }, "sha512-h5+1OzzfCC3Ef7VbtKdcv7zsstUQwUDlYpUTvjeUsJAssPgLn7QzbboPtL5ro04Mq0rPOsMzl7q5hIbRs2wD1A=="],

    "fast-xml-parser": ["fast-xml-parser@4.4.1", "", { "dependencies": { "strnum": "^1.0.5" }, "bin": { "fxparser": "src/cli/cli.js" } }, "sha512-xkjOecfnKGkSsOwtZ5Pz7Us/T6mrbPQrq0nh+aCO5V9nk5NLWmasAHumTKjiPJPWANe+kAZ84Jc8ooJkzZ88Sw=="],

    "fetch-ponyfill": ["fetch-ponyfill@7.1.0", "", { "dependencies": { "node-fetch": "~2.6.1" } }, "sha512-FhbbL55dj/qdVO3YNK7ZEkshvj3eQ7EuIGV2I6ic/2YiocvyWv+7jg2s4AyS0wdRU75s3tA8ZxI/xPigb0v5Aw=="],

    "flat": ["flat@6.0.1", "", { "bin": { "flat": "cli.js" } }, "sha512-/3FfIa8mbrg3xE7+wAhWeV+bd7L2Mof+xtZb5dRDKZ+wDvYJK4WDYeIOuOhre5Yv5aQObZrlbRmk3RTSiuQBtw=="],

    "jsonschema": ["jsonschema@1.2.7", "", {}, "sha512-3dFMg9hmI9LdHag/BRIhMefCfbq1hicvYMy8YhZQorAdzOzWz7NjniSpn39yjpzUAMIWtGyyZuH2KNBloH7ZLw=="],

    "mnemonist": ["mnemonist@0.38.3", "", { "dependencies": { "obliterator": "^1.6.1" } }, "sha512-2K9QYubXx/NAjv4VLq1d1Ly8pWNC5L3BrixtdkyTegXWJIqY+zLNDhhX/A+ZwWt70tB1S8H4BE8FLYEFyNoOBw=="],

    "node-fetch": ["node-fetch@2.6.13", "", { "dependencies": { "whatwg-url": "^5.0.0" }, "peerDependencies": { "encoding": "^0.1.0" }, "optionalPeers": ["encoding"] }, "sha512-StxNAxh15zr77QvvkmveSQ8uCQ4+v5FkvNTj0OESmiHu+VRi/gXArXtkWMElOsOUNLtUEvI4yS+rdtOHZTwlQA=="],

    "obliterator": ["obliterator@1.6.1", "", {}, "sha512-9WXswnqINnnhOG/5SLimUlzuU1hFJUc8zkwyD59Sd+dPOMf05PmnYG/d6Q7HZ+KmgkZJa1PxRso6QdM3sTNHig=="],

    "pure-rand": ["pure-rand@6.1.0", "", {}, "sha512-bVWawvoZoBYpp6yIoQtQXHZjmz35RSVHnUOTefl8Vcjr8snTPY1wnpSPMWekcFwbxI6gtmT7rSYPFvz71ldiOA=="],

    "strnum": ["strnum@1.0.5", "", {}, "sha512-J8bbNyKKXl5qYcR36TIO8W3mVGVHrmmxsd5PAItGkmyzwJvybiw2IVq5nqd0i4LSNSkB/sx9VHllbfFdr9k1JA=="],

    "tr46": ["tr46@0.0.3", "", {}, "sha512-N3WMsuqV66lT30CrXNbEjx4GEwlow3v6rr4mCcv6prnfwhS01rkgyFdjPNBYd9br7LpXV1+Emh01fHnq2Gdgrw=="],

    "tslib": ["tslib@2.8.1", "", {}, "sha512-oJFu94HQb+KVduSUQL7wnpmqnfmLsOA/nAh6b6EH0wCEoK0/mPeXU6c3wKDV83MkOuHPRHtSXKKU99IBazS/2w=="],

    "typescript": ["typescript@5.7.3", "", { "bin": { "tsc": "bin/tsc", "tsserver": "bin/tsserver" } }, "sha512-84MVSjMEHP+FQRPy3pX9sTVV/INIex71s9TL2Gm5FG/WG1SqXeKyZ0k7/blY/4FdOzI12CBy1vGc4og/eus0fw=="],

    "undici-types": ["undici-types@6.20.0", "", {}, "sha512-Ny6QZ2Nju20vw1SRHe3d9jVu6gJ+4e3+MMpqu7pqE5HT6WsTSlce++GQmK5UXS8mzV8DSYHrQH+Xrf2jVcuKNg=="],

    "uuid": ["uuid@9.0.1", "", { "bin": { "uuid": "dist/bin/uuid" } }, "sha512-b+1eJOlsR9K8HJpow9Ok3fiWOWSIcIzXodvv0rQjVoOVNpWMpxf1wZNpt4y9h10odCNrqnYp1OBzRktckBe3sA=="],

    "webidl-conversions": ["webidl-conversions@3.0.1", "", {}, "sha512-2JAn3z8AR6rjK8Sm8orRC0h/bcl/DqL7tRPdGZ4I1CjdF+EaMLmYxBHyXuKL849eucPFhvBoxMsflfOb8kxaeQ=="],

    "whatwg-url": ["whatwg-url@5.0.0", "", { "dependencies": { "tr46": "~0.0.3", "webidl-conversions": "^3.0.0" } }, "sha512-saE57nupxk6v3HY35+jzBwYa0rKSy0XR8JSxZPwgLr7ys0IBzhGviA1/TUGJLmSVqs8pb9AnvICXEuOHLprYTw=="],

    "ynab": ["ynab@2.6.0", "", { "dependencies": { "fetch-ponyfill": "^7.1.0" } }, "sha512-F/CCvq1ITO0t9k57WNEgb+TS8Cy4h7iZ0AQ6uuIWiagAOHbEzLxPOpW+JAEnuRg8GLzvSzScseGthCNfiwHasw=="],

    "@aws-crypto/sha256-browser/@smithy/util-utf8": ["@smithy/util-utf8@2.3.0", "", { "dependencies": { "@smithy/util-buffer-from": "^2.2.0", "tslib": "^2.6.2" } }, "sha512-R8Rdn8Hy72KKcebgLiv8jQcQkXoLMOGGv5uI1/k0l+snqkOzQ1R0ChUBCxWMlBsFMekWjq0wRudIweFs7sKT5A=="],

    "@aws-crypto/util/@smithy/util-utf8": ["@smithy/util-utf8@2.3.0", "", { "dependencies": { "@smithy/util-buffer-from": "^2.2.0", "tslib": "^2.6.2" } }, "sha512-R8Rdn8Hy72KKcebgLiv8jQcQkXoLMOGGv5uI1/k0l+snqkOzQ1R0ChUBCxWMlBsFMekWjq0wRudIweFs7sKT5A=="],

    "@aws-crypto/sha256-browser/@smithy/util-utf8/@smithy/util-buffer-from": ["@smithy/util-buffer-from@2.2.0", "", { "dependencies": { "@smithy/is-array-buffer": "^2.2.0", "tslib": "^2.6.2" } }, "sha512-IJdWBbTcMQ6DA0gdNhh/BwrLkDR+ADW5Kr1aZmd4k3DIF6ezMV4R2NIAmT08wQJ3yUK82thHWmC/TnK/wpMMIA=="],

    "@aws-crypto/util/@smithy/util-utf8/@smithy/util-buffer-from": ["@smithy/util-buffer-from@2.2.0", "", { "dependencies": { "@smithy/is-array-buffer": "^2.2.0", "tslib": "^2.6.2" } }, "sha512-IJdWBbTcMQ6DA0gdNhh/BwrLkDR+ADW5Kr1aZmd4k3DIF6ezMV4R2NIAmT08wQJ3yUK82thHWmC/TnK/wpMMIA=="],

    "@aws-crypto/sha256-browser/@smithy/util-utf8/@smithy/util-buffer-from/@smithy/is-array-buffer": ["@smithy/is-array-buffer@2.2.0", "", { "dependencies": { "tslib": "^2.6.2" } }, "sha512-GGP3O9QFD24uGeAXYUjwSTXARoqpZykHadOmA8G5vfJPK0/DC67qa//0qvqrJzL1xc8WQWX7/yc7fwudjPHPhA=="],

    "@aws-crypto/util/@smithy/util-utf8/@smithy/util-buffer-from/@smithy/is-array-buffer": ["@smithy/is-array-buffer@2.2.0", "", { "dependencies": { "tslib": "^2.6.2" } }, "sha512-GGP3O9QFD24uGeAXYUjwSTXARoqpZykHadOmA8G5vfJPK0/DC67qa//0qvqrJzL1xc8WQWX7/yc7fwudjPHPhA=="],
  }
}
